Microsoft Visual Studio Solution File, Format Version 12.00
# Visual Studio Version 17
VisualStudioVersion = 17.5.2.0
MinimumVisualStudioVersion = 10.0.40219.1
Project("{FAE04EC0-301F-11D3-BF4B-00C04F79EFBC}") = "Parentesis_balanceados", "Parentesis_balanceados.csproj", "{C62B2342-F325-C1FC-E3F8-42A22C1DB3E6}"
EndProject
Global
	GlobalSection(SolutionConfigurationPlatforms) = preSolution
		Debug|Any CPU = Debug|Any CPU
		Release|Any CPU = Release|Any CPU
	EndGlobalSection
	GlobalSection(ProjectConfigurationPlatforms) = postSolution
		{C62B2342-F325-C1FC-E3F8-42A22C1DB3E6}.Debug|Any CPU.ActiveCfg = Debug|Any CPU
		{C62B2342-F325-C1FC-E3F8-42A22C1DB3E6}.Debug|Any CPU.Build.0 = Debug|Any CPU
		{C62B2342-F325-C1FC-E3F8-42A22C1DB3E6}.Release|Any CPU.ActiveCfg = Release|Any CPU
		{C62B2342-F325-C1FC-E3F8-42A22C1DB3E6}.Release|Any CPU.Build.0 = Release|Any CPU
	EndGlobalSection
	GlobalSection(SolutionProperties) = preSolution
		HideSolutionNode = FALSE
	EndGlobalSection
	GlobalSection(ExtensibilityGlobals) = postSolution
		SolutionGuid = {C06ABE68-81AE-4ABA-816C-356A13F7F843}
	EndGlobalSection
EndGlobal
