Microsoft Visual Studio Solution File, Format Version 12.00
# Visual Studio Version 17
VisualStudioVersion = 17.5.2.0
MinimumVisualStudioVersion = 10.0.40219.1
Project("{FAE04EC0-301F-11D3-BF4B-00C04F79EFBC}") = "Registro_de_Estudiantes", "Registro_de_Estudiantes.csproj", "{10BFF909-0A87-C26A-5C87-4809546E2537}"
EndProject
Global
	GlobalSection(SolutionConfigurationPlatforms) = preSolution
		Debug|Any CPU = Debug|Any CPU
		Release|Any CPU = Release|Any CPU
	EndGlobalSection
	GlobalSection(ProjectConfigurationPlatforms) = postSolution
		{10BFF909-0A87-C26A-5C87-4809546E2537}.Debug|Any CPU.ActiveCfg = Debug|Any CPU
		{10BFF909-0A87-C26A-5C87-4809546E2537}.Debug|Any CPU.Build.0 = Debug|Any CPU
		{10BFF909-0A87-C26A-5C87-4809546E2537}.Release|Any CPU.ActiveCfg = Release|Any CPU
		{10BFF909-0A87-C26A-5C87-4809546E2537}.Release|Any CPU.Build.0 = Release|Any CPU
	EndGlobalSection
	GlobalSection(SolutionProperties) = preSolution
		HideSolutionNode = FALSE
	EndGlobalSection
	GlobalSection(ExtensibilityGlobals) = postSolution
		SolutionGuid = {9CB1B588-6ECC-4D3B-A210-FD47E6289359}
	EndGlobalSection
EndGlobal
