Microsoft Visual Studio Solution File, Format Version 12.00
# Visual Studio Version 17
VisualStudioVersion = 17.5.2.0
MinimumVisualStudioVersion = 10.0.40219.1
Project("{FAE04EC0-301F-11D3-BF4B-00C04F79EFBC}") = "SistemaBusquedaVuelosBaratos", "SistemaBusquedaVuelosBaratos.csproj", "{74636F89-F3EE-4DCA-E151-B5FC4F9BC2B0}"
EndProject
Global
	GlobalSection(SolutionConfigurationPlatforms) = preSolution
		Debug|Any CPU = Debug|Any CPU
		Release|Any CPU = Release|Any CPU
	EndGlobalSection
	GlobalSection(ProjectConfigurationPlatforms) = postSolution
		{74636F89-F3EE-4DCA-E151-B5FC4F9BC2B0}.Debug|Any CPU.ActiveCfg = Debug|Any CPU
		{74636F89-F3EE-4DCA-E151-B5FC4F9BC2B0}.Debug|Any CPU.Build.0 = Debug|Any CPU
		{74636F89-F3EE-4DCA-E151-B5FC4F9BC2B0}.Release|Any CPU.ActiveCfg = Release|Any CPU
		{74636F89-F3EE-4DCA-E151-B5FC4F9BC2B0}.Release|Any CPU.Build.0 = Release|Any CPU
	EndGlobalSection
	GlobalSection(SolutionProperties) = preSolution
		HideSolutionNode = FALSE
	EndGlobalSection
	GlobalSection(ExtensibilityGlobals) = postSolution
		SolutionGuid = {B13ED994-55E2-4536-837B-CC107F421437}
	EndGlobalSection
EndGlobal
