Microsoft Visual Studio Solution File, Format Version 12.00
# Visual Studio Version 17
VisualStudioVersion = 17.5.2.0
MinimumVisualStudioVersion = 10.0.40219.1
Project("{FAE04EC0-301F-11D3-BF4B-00C04F79EFBC}") = "Auditorio_100_asientos", "Auditorio_100_asientos.csproj", "{BD88BFD9-D243-FD8D-C723-17A5020DDB67}"
EndProject
Global
	GlobalSection(SolutionConfigurationPlatforms) = preSolution
		Debug|Any CPU = Debug|Any CPU
		Release|Any CPU = Release|Any CPU
	EndGlobalSection
	GlobalSection(ProjectConfigurationPlatforms) = postSolution
		{BD88BFD9-D243-FD8D-C723-17A5020DDB67}.Debug|Any CPU.ActiveCfg = Debug|Any CPU
		{BD88BFD9-D243-FD8D-C723-17A5020DDB67}.Debug|Any CPU.Build.0 = Debug|Any CPU
		{BD88BFD9-D243-FD8D-C723-17A5020DDB67}.Release|Any CPU.ActiveCfg = Release|Any CPU
		{BD88BFD9-D243-FD8D-C723-17A5020DDB67}.Release|Any CPU.Build.0 = Release|Any CPU
	EndGlobalSection
	GlobalSection(SolutionProperties) = preSolution
		HideSolutionNode = FALSE
	EndGlobalSection
	GlobalSection(ExtensibilityGlobals) = postSolution
		SolutionGuid = {2DAE554B-9127-4B4C-83E7-8BCEB1914D7D}
	EndGlobalSection
EndGlobal
